
Microsoft Visual Studio Solution File, Format Version 12.00
# Visual Studio Version 17
VisualStudioVersion = 17.3.32901.215
MinimumVisualStudioVersion = 10.0.40219.1
Project("{FAE04EC0-301F-11D3-BF4B-00C04F79EFBC}") = "DSA", "DSA\DSA.csproj", "{FA0F7E5A-D5E8-40D8-9E7C-CA97DD99E74C}"
EndProject
Global
	GlobalSection(SolutionConfigurationPlatforms) = preSolution
		Debug|Any CPU = Debug|Any CPU
		Release|Any CPU = Release|Any CPU
	EndGlobalSection
	GlobalSection(ProjectConfigurationPlatforms) = postSolution
		{FA0F7E5A-D5E8-40D8-9E7C-CA97DD99E74C}.Debug|Any CPU.ActiveCfg = Debug|Any CPU
		{FA0F7E5A-D5E8-40D8-9E7C-CA97DD99E74C}.Debug|Any CPU.Build.0 = Debug|Any CPU
		{FA0F7E5A-D5E8-40D8-9E7C-CA97DD99E74C}.Release|Any CPU.ActiveCfg = Release|Any CPU
		{FA0F7E5A-D5E8-40D8-9E7C-CA97DD99E74C}.Release|Any CPU.Build.0 = Release|Any CPU
	EndGlobalSection
	GlobalSection(SolutionProperties) = preSolution
		HideSolutionNode = FALSE
	EndGlobalSection
	GlobalSection(ExtensibilityGlobals) = postSolution
		SolutionGuid = {E97E6C40-4DC4-46EA-9562-D2B14BBA205E}
	EndGlobalSection
EndGlobal
